
Microsoft Visual Studio Solution File, Format Version 12.00
# Visual Studio Version 17
VisualStudioVersion = 17.12.35527.113
MinimumVisualStudioVersion = 10.0.40219.1
Project("{FAE04EC0-301F-11D3-BF4B-00C04F79EFBC}") = "Akagi", "Akagi\Akagi.csproj", "{390EB882-82C5-43A4-93E5-F3FDDB4B4FF0}"
EndProject
Project("{2150E333-8FDC-42A3-9474-1A3956D46DE8}") = "Solution Items", "Solution Items", "{C0A68ADC-4745-4051-9237-F15317F58C6D}"
	ProjectSection(SolutionItems) = preProject
		.editorconfig = .editorconfig
	EndProjectSection
EndProject
Project("{FAE04EC0-301F-11D3-BF4B-00C04F79EFBC}") = "Akagi.Web", "Akagi.Web\Akagi.Web.csproj", "{A211EE2F-0313-404F-8B9B-14869ED65F5E}"
EndProject
Project("{FAE04EC0-301F-11D3-BF4B-00C04F79EFBC}") = "Akagi.Bridge", "Akagi.Bridge\Akagi.Bridge.csproj", "{1157DEAB-8004-A5A1-15D5-9F84D3D3580C}"
EndProject
Project("{FAE04EC0-301F-11D3-BF4B-00C04F79EFBC}") = "Akagi.Utils", "Akagi.Utils\Akagi.Utils.csproj", "{22916F82-B224-4CA3-A679-E0D856DE8024}"
EndProject
Global
	GlobalSection(SolutionConfigurationPlatforms) = preSolution
		Debug|Any CPU = Debug|Any CPU
		Release|Any CPU = Release|Any CPU
	EndGlobalSection
	GlobalSection(ProjectConfigurationPlatforms) = postSolution
		{390EB882-82C5-43A4-93E5-F3FDDB4B4FF0}.Debug|Any CPU.ActiveCfg = Debug|Any CPU
		{390EB882-82C5-43A4-93E5-F3FDDB4B4FF0}.Debug|Any CPU.Build.0 = Debug|Any CPU
		{390EB882-82C5-43A4-93E5-F3FDDB4B4FF0}.Release|Any CPU.ActiveCfg = Release|Any CPU
		{390EB882-82C5-43A4-93E5-F3FDDB4B4FF0}.Release|Any CPU.Build.0 = Release|Any CPU
		{A211EE2F-0313-404F-8B9B-14869ED65F5E}.Debug|Any CPU.ActiveCfg = Debug|Any CPU
		{A211EE2F-0313-404F-8B9B-14869ED65F5E}.Debug|Any CPU.Build.0 = Debug|Any CPU
		{A211EE2F-0313-404F-8B9B-14869ED65F5E}.Release|Any CPU.ActiveCfg = Release|Any CPU
		{A211EE2F-0313-404F-8B9B-14869ED65F5E}.Release|Any CPU.Build.0 = Release|Any CPU
		{1157DEAB-8004-A5A1-15D5-9F84D3D3580C}.Debug|Any CPU.ActiveCfg = Debug|Any CPU
		{1157DEAB-8004-A5A1-15D5-9F84D3D3580C}.Debug|Any CPU.Build.0 = Debug|Any CPU
		{1157DEAB-8004-A5A1-15D5-9F84D3D3580C}.Release|Any CPU.ActiveCfg = Release|Any CPU
		{1157DEAB-8004-A5A1-15D5-9F84D3D3580C}.Release|Any CPU.Build.0 = Release|Any CPU
		{22916F82-B224-4CA3-A679-E0D856DE8024}.Debug|Any CPU.ActiveCfg = Debug|Any CPU
		{22916F82-B224-4CA3-A679-E0D856DE8024}.Debug|Any CPU.Build.0 = Debug|Any CPU
		{22916F82-B224-4CA3-A679-E0D856DE8024}.Release|Any CPU.ActiveCfg = Release|Any CPU
		{22916F82-B224-4CA3-A679-E0D856DE8024}.Release|Any CPU.Build.0 = Release|Any CPU
	EndGlobalSection
	GlobalSection(SolutionProperties) = preSolution
		HideSolutionNode = FALSE
	EndGlobalSection
	GlobalSection(ExtensibilityGlobals) = postSolution
		SolutionGuid = {69C282F5-1805-4A0F-A323-8EE9B12B12E5}
	EndGlobalSection
EndGlobal
